// !$*UTF8*$!
{
	archiveVersion = 1;
	classes = {
	};
	objectVersion = 50;
	objects = {

/* Begin PBXBuildFile section */
		3362AA57266E62770078E3C4 /* NavigationApp.swift in Sources */ = {isa = PBXBuildFile; fileRef = 3362AA44266E62740078E3C4 /* NavigationApp.swift */; };
		3362AA58266E62770078E3C4 /* NavigationApp.swift in Sources */ = {isa = PBXBuildFile; fileRef = 3362AA44266E62740078E3C4 /* NavigationApp.swift */; };
		3362AA59266E62770078E3C4 /* ContentView.swift in Sources */ = {isa = PBXBuildFile; fileRef = 3362AA45266E62740078E3C4 /* ContentView.swift */; };
		3362AA5A266E62770078E3C4 /* ContentView.swift in Sources */ = {isa = PBXBuildFile; fileRef = 3362AA45266E62740078E3C4 /* ContentView.swift */; };
		3362AA5B266E62770078E3C4 /* Assets.xcassets in Resources */ = {isa = PBXBuildFile; fileRef = 3362AA46266E62770078E3C4 /* Assets.xcassets */; };
		3362AA5C266E62770078E3C4 /* Assets.xcassets in Resources */ = {isa = PBXBuildFile; fileRef = 3362AA46266E62770078E3C4 /* Assets.xcassets */; };
		3362AA66266E629D0078E3C4 /* CustomTextView.swift in Sources */ = {isa = PBXBuildFile; fileRef = 3362AA65266E629D0078E3C4 /* CustomTextView.swift */; };
		3362AA67266E629D0078E3C4 /* CustomTextView.swift in Sources */ = {isa = PBXBuildFile; fileRef = 3362AA65266E629D0078E3C4 /* CustomTextView.swift */; };
/* End PBXBuildFile section */

/* Begin PBXFileReference section */
		3362AA44266E62740078E3C4 /* NavigationApp.swift */ = {isa = PBXFileReference; lastKnownFileType = sourcecode.swift; path = NavigationApp.swift; sourceTree = "<group>"; };
		3362AA45266E62740078E3C4 /* ContentView.swift */ = {isa = PBXFileReference; lastKnownFileType = sourcecode.swift; path = ContentView.swift; sourceTree = "<group>"; };
		3362AA46266E62770078E3C4 /* Assets.xcassets */ = {isa = PBXFileReference; lastKnownFileType = folder.assetcatalog; path = Assets.xcassets; sourceTree = "<group>"; };
		3362AA4B266E62770078E3C4 /* Navigation.app */ = {isa = PBXFileReference; explicitFileType = wrapper.application; includeInIndex = 0; path = Navigation.app; sourceTree = BUILT_PRODUCTS_DIR; };
		3362AA4E266E62770078E3C4 /* Info.plist */ = {isa = PBXFileReference; lastKnownFileType = text.plist.xml; path = Info.plist; sourceTree = "<group>"; };
		3362AA53266E62770078E3C4 /* Navigation.app */ = {isa = PBXFileReference; explicitFileType = wrapper.application; includeInIndex = 0; path = Navigation.app; sourceTree = BUILT_PRODUCTS_DIR; };
		3362AA55266E62770078E3C4 /* Info.plist */ = {isa = PBXFileReference; lastKnownFileType = text.plist.xml; path = Info.plist; sourceTree = "<group>"; };
		3362AA56266E62770078E3C4 /* macOS.entitlements */ = {isa = PBXFileReference; lastKnownFileType = text.plist.entitlements; path = macOS.entitlements; sourceTree = "<group>"; };
		3362AA65266E629D0078E3C4 /* CustomTextView.swift */ = {isa = PBXFileReference; lastKnownFileType = sourcecode.swift; path = CustomTextView.swift; sourceTree = "<group>"; };
/* End PBXFileReference section */

/* Begin PBXFrameworksBuildPhase section */
		3362AA48266E62770078E3C4 /* Frameworks */ = {
			isa = PBXFrameworksBuildPhase;
			buildActionMask = 2147483647;
			files = (
			);
			runOnlyForDeploymentPostprocessing = 0;
		};
		3362AA50266E62770078E3C4 /* Frameworks */ = {
			isa = PBXFrameworksBuildPhase;
			buildActionMask = 2147483647;
			files = (
			);
			runOnlyForDeploymentPostprocessing = 0;
		};
/* End PBXFrameworksBuildPhase section */

/* Begin PBXGroup section */
		3362AA3E266E62740078E3C4 = {
			isa = PBXGroup;
			children = (
				3362AA43266E62740078E3C4 /* Shared */,
				3362AA4D266E62770078E3C4 /* iOS */,
				3362AA54266E62770078E3C4 /* macOS */,
				3362AA4C266E62770078E3C4 /* Products */,
			);
			sourceTree = "<group>";
		};
		3362AA43266E62740078E3C4 /* Shared */ = {
			isa = PBXGroup;
			children = (
				3362AA44266E62740078E3C4 /* NavigationApp.swift */,
				3362AA45266E62740078E3C4 /* ContentView.swift */,
				3362AA65266E629D0078E3C4 /* CustomTextView.swift */,
				3362AA46266E62770078E3C4 /* Assets.xcassets */,
			);
			path = Shared;
			sourceTree = "<group>";
		};
		3362AA4C266E62770078E3C4 /* Products */ = {
			isa = PBXGroup;
			children = (
				3362AA4B266E62770078E3C4 /* Navigation.app */,
				3362AA53266E62770078E3C4 /* Navigation.app */,
			);
			name = Products;
			sourceTree = "<group>";
		};
		3362AA4D266E62770078E3C4 /* iOS */ = {
			isa = PBXGroup;
			children = (
				3362AA4E266E62770078E3C4 /* Info.plist */,
			);
			path = iOS;
			sourceTree = "<group>";
		};
		3362AA54266E62770078E3C4 /* macOS */ = {
			isa = PBXGroup;
			children = (
				3362AA55266E62770078E3C4 /* Info.plist */,
				3362AA56266E62770078E3C4 /* macOS.entitlements */,
			);
			path = macOS;
			sourceTree = "<group>";
		};
/* End PBXGroup section */

/* Begin PBXNativeTarget section */
		3362AA4A266E62770078E3C4 /* Navigation (iOS) */ = {
			isa = PBXNativeTarget;
			buildConfigurationList = 3362AA5F266E62770078E3C4 /* Build configuration list for PBXNativeTarget "Navigation (iOS)" */;
			buildPhases = (
				3362AA47266E62770078E3C4 /* Sources */,
				3362AA48266E62770078E3C4 /* Frameworks */,
				3362AA49266E62770078E3C4 /* Resources */,
			);
			buildRules = (
			);
			dependencies = (
			);
			name = "Navigation (iOS)";
			productName = "Navigation (iOS)";
			productReference = 3362AA4B266E62770078E3C4 /* Navigation.app */;
			productType = "com.apple.product-type.application";
		};
		3362AA52266E62770078E3C4 /* Navigation (macOS) */ = {
			isa = PBXNativeTarget;
			buildConfigurationList = 3362AA62266E62770078E3C4 /* Build configuration list for PBXNativeTarget "Navigation (macOS)" */;
			buildPhases = (
				3362AA4F266E62770078E3C4 /* Sources */,
				3362AA50266E62770078E3C4 /* Frameworks */,
				3362AA51266E62770078E3C4 /* Resources */,
			);
			buildRules = (
			);
			dependencies = (
			);
			name = "Navigation (macOS)";
			productName = "Navigation (macOS)";
			productReference = 3362AA53266E62770078E3C4 /* Navigation.app */;
			productType = "com.apple.product-type.application";
		};
/* End PBXNativeTarget section */

/* Begin PBXProject section */
		3362AA3F266E62740078E3C4 /* Project object */ = {
			isa = PBXProject;
			attributes = {
				LastSwiftUpdateCheck = 1250;
				LastUpgradeCheck = 1250;
				TargetAttributes = {
					3362AA4A266E62770078E3C4 = {
						CreatedOnToolsVersion = 12.5;
					};
					3362AA52266E62770078E3C4 = {
						CreatedOnToolsVersion = 12.5;
					};
				};
			};
			buildConfigurationList = 3362AA42266E62740078E3C4 /* Build configuration list for PBXProject "Navigation" */;
			compatibilityVersion = "Xcode 9.3";
			developmentRegion = en;
			hasScannedForEncodings = 0;
			knownRegions = (
				en,
				Base,
			);
			mainGroup = 3362AA3E266E62740078E3C4;
			productRefGroup = 3362AA4C266E62770078E3C4 /* Products */;
			projectDirPath = "";
			projectRoot = "";
			targets = (
				3362AA4A266E62770078E3C4 /* Navigation (iOS) */,
				3362AA52266E62770078E3C4 /* Navigation (macOS) */,
			);
		};
/* End PBXProject section */

/* Begin PBXResourcesBuildPhase section */
		3362AA49266E62770078E3C4 /* Resources */ = {
			isa = PBXResourcesBuildPhase;
			buildActionMask = 2147483647;
			files = (
				3362AA5B266E62770078E3C4 /* Assets.xcassets in Resources */,
			);
			runOnlyForDeploymentPostprocessing = 0;
		};
		3362AA51266E62770078E3C4 /* Resources */ = {
			isa = PBXResourcesBuildPhase;
			buildActionMask = 2147483647;
			files = (
				3362AA5C266E62770078E3C4 /* Assets.xcassets in Resources */,
			);
			runOnlyForDeploymentPostprocessing = 0;
		};
/* End PBXResourcesBuildPhase section */

/* Begin PBXSourcesBuildPhase section */
		3362AA47266E62770078E3C4 /* Sources */ = {
			isa = PBXSourcesBuildPhase;
			buildActionMask = 2147483647;
			files = (
				3362AA59266E62770078E3C4 /* ContentView.swift in Sources */,
				3362AA57266E62770078E3C4 /* NavigationApp.swift in Sources */,
				3362AA66266E629D0078E3C4 /* CustomTextView.swift in Sources */,
			);
			runOnlyForDeploymentPostprocessing = 0;
		};
		3362AA4F266E62770078E3C4 /* Sources */ = {
			isa = PBXSourcesBuildPhase;
			buildActionMask = 2147483647;
			files = (
				3362AA5A266E62770078E3C4 /* ContentView.swift in Sources */,
				3362AA58266E62770078E3C4 /* NavigationApp.swift in Sources */,
				3362AA67266E629D0078E3C4 /* CustomTextView.swift in Sources */,
			);
			runOnlyForDeploymentPostprocessing = 0;
		};
/* End PBXSourcesBuildPhase section */

/* Begin XCBuildConfiguration section */
		3362AA5D266E62770078E3C4 /* Debug */ = {
			isa = XCBuildConfiguration;
			buildSettings = {
				ALWAYS_SEARCH_USER_PATHS = NO;
				CLANG_ANALYZER_NONNULL = YES;
				CLANG_ANALYZER_NUMBER_OBJECT_CONVERSION = YES_AGGRESSIVE;
				CLANG_CXX_LANGUAGE_STANDARD = "gnu++14";
				CLANG_CXX_LIBRARY = "libc++";
				CLANG_ENABLE_MODULES = YES;
				CLANG_ENABLE_OBJC_ARC = YES;
				CLANG_ENABLE_OBJC_WEAK = YES;
				CLANG_WARN_BLOCK_CAPTURE_AUTORELEASING = YES;
				CLANG_WARN_BOOL_CONVERSION = YES;
				CLANG_WARN_COMMA = YES;
				CLANG_WARN_CONSTANT_CONVERSION = YES;
				CLANG_WARN_DEPRECATED_OBJC_IMPLEMENTATIONS = YES;
				CLANG_WARN_DIRECT_OBJC_ISA_USAGE = YES_ERROR;
				CLANG_WARN_DOCUMENTATION_COMMENTS = YES;
				CLANG_WARN_EMPTY_BODY = YES;
				CLANG_WARN_ENUM_CONVERSION = YES;
				CLANG_WARN_INFINITE_RECURSION = YES;
				CLANG_WARN_INT_CONVERSION = YES;
				CLANG_WARN_NON_LITERAL_NULL_CONVERSION = YES;
				CLANG_WARN_OBJC_IMPLICIT_RETAIN_SELF = YES;
				CLANG_WARN_OBJC_LITERAL_CONVERSION = YES;
				CLANG_WARN_OBJC_ROOT_CLASS = YES_ERROR;
				CLANG_WARN_QUOTED_INCLUDE_IN_FRAMEWORK_HEADER = YES;
				CLANG_WARN_RANGE_LOOP_ANALYSIS = YES;
				CLANG_WARN_STRICT_PROTOTYPES = YES;
				CLANG_WARN_SUSPICIOUS_MOVE = YES;
				CLANG_WARN_UNGUARDED_AVAILABILITY = YES_AGGRESSIVE;
				CLANG_WARN_UNREACHABLE_CODE = YES;
				CLANG_WARN__DUPLICATE_METHOD_MATCH = YES;
				COPY_PHASE_STRIP = NO;
				DEBUG_INFORMATION_FORMAT = dwarf;
				ENABLE_STRICT_OBJC_MSGSEND = YES;
				ENABLE_TESTABILITY = YES;
				GCC_C_LANGUAGE_STANDARD = gnu11;
				GCC_DYNAMIC_NO_PIC = NO;
				GCC_NO_COMMON_BLOCKS = YES;
				GCC_OPTIMIZATION_LEVEL = 0;
				GCC_PREPROCESSOR_DEFINITIONS = (
					"DEBUG=1",
					"$(inherited)",
				);
				GCC_WARN_64_TO_32_BIT_CONVERSION = YES;
				GCC_WARN_ABOUT_RETURN_TYPE = YES_ERROR;
				GCC_WARN_UNDECLARED_SELECTOR = YES;
				GCC_WARN_UNINITIALIZED_AUTOS = YES_AGGRESSIVE;
				GCC_WARN_UNUSED_FUNCTION = YES;
				GCC_WARN_UNUSED_VARIABLE = YES;
				MTL_ENABLE_DEBUG_INFO = INCLUDE_SOURCE;
				MTL_FAST_MATH = YES;
				ONLY_ACTIVE_ARCH = YES;
				SWIFT_ACTIVE_COMPILATION_CONDITIONS = DEBUG;
				SWIFT_OPTIMIZATION_LEVEL = "-Onone";
			};
			name = Debug;
		};
		3362AA5E266E62770078E3C4 /* Release */ = {
			isa = XCBuildConfiguration;
			buildSettings = {
				ALWAYS_SEARCH_USER_PATHS = NO;
				CLANG_ANALYZER_NONNULL = YES;
				CLANG_ANALYZER_NUMBER_OBJECT_CONVERSION = YES_AGGRESSIVE;
				CLANG_CXX_LANGUAGE_STANDARD = "gnu++14";
				CLANG_CXX_LIBRARY = "libc++";
				CLANG_ENABLE_MODULES = YES;
				CLANG_ENABLE_OBJC_ARC = YES;
				CLANG_ENABLE_OBJC_WEAK = YES;
				CLANG_WARN_BLOCK_CAPTURE_AUTORELEASING = YES;
				CLANG_WARN_BOOL_CONVERSION = YES;
				CLANG_WARN_COMMA = YES;
				CLANG_WARN_CONSTANT_CONVERSION = YES;
				CLANG_WARN_DEPRECATED_OBJC_IMPLEMENTATIONS = YES;
				CLANG_WARN_DIRECT_OBJC_ISA_USAGE = YES_ERROR;
				CLANG_WARN_DOCUMENTATION_COMMENTS = YES;
				CLANG_WARN_EMPTY_BODY = YES;
				CLANG_WARN_ENUM_CONVERSION = YES;
				CLANG_WARN_INFINITE_RECURSION = YES;
				CLANG_WARN_INT_CONVERSION = YES;
				CLANG_WARN_NON_LITERAL_NULL_CONVERSION = YES;
				CLANG_WARN_OBJC_IMPLICIT_RETAIN_SELF = YES;
				CLANG_WARN_OBJC_LITERAL_CONVERSION = YES;
				CLANG_WARN_OBJC_ROOT_CLASS = YES_ERROR;
				CLANG_WARN_QUOTED_INCLUDE_IN_FRAMEWORK_HEADER = YES;
				CLANG_WARN_RANGE_LOOP_ANALYSIS = YES;
				CLANG_WARN_STRICT_PROTOTYPES = YES;
				CLANG_WARN_SUSPICIOUS_MOVE = YES;
				CLANG_WARN_UNGUARDED_AVAILABILITY = YES_AGGRESSIVE;
				CLANG_WARN_UNREACHABLE_CODE = YES;
				CLANG_WARN__DUPLICATE_METHOD_MATCH = YES;
				COPY_PHASE_STRIP = NO;
				DEBUG_INFORMATION_FORMAT = "dwarf-with-dsym";
				ENABLE_NS_ASSERTIONS = NO;
				ENABLE_STRICT_OBJC_MSGSEND = YES;
				GCC_C_LANGUAGE_STANDARD = gnu11;
				GCC_NO_COMMON_BLOCKS = YES;
				GCC_WARN_64_TO_32_BIT_CONVERSION = YES;
				GCC_WARN_ABOUT_RETURN_TYPE = YES_ERROR;
				GCC_WARN_UNDECLARED_SELECTOR = YES;
				GCC_WARN_UNINITIALIZED_AUTOS = YES_AGGRESSIVE;
				GCC_WARN_UNUSED_FUNCTION = YES;
				GCC_WARN_UNUSED_VARIABLE = YES;
				MTL_ENABLE_DEBUG_INFO = NO;
				MTL_FAST_MATH = YES;
				SWIFT_COMPILATION_MODE = wholemodule;
				SWIFT_OPTIMIZATION_LEVEL = "-O";
			};
			name = Release;
		};
		3362AA60266E62770078E3C4 /* Debug */ = {
			isa = XCBuildConfiguration;
			buildSettings = {
				ASSETCATALOG_COMPILER_APPICON_NAME = AppIcon;
				ASSETCATALOG_COMPILER_GLOBAL_ACCENT_COLOR_NAME = AccentColor;
				CODE_SIGN_STYLE = Automatic;
				DEVELOPMENT_TEAM = A7SGM6JEMA;
				ENABLE_PREVIEWS = YES;
				INFOPLIST_FILE = iOS/Info.plist;
				IPHONEOS_DEPLOYMENT_TARGET = 14.0;
				LD_RUNPATH_SEARCH_PATHS = (
					"$(inherited)",
					"@executable_path/Frameworks",
				);
				PRODUCT_BUNDLE_IDENTIFIER = fr.tectec.Navigation;
				PRODUCT_NAME = Navigation;
				SDKROOT = iphoneos;
				SWIFT_VERSION = 5.0;
				TARGETED_DEVICE_FAMILY = "1,2";
			};
			name = Debug;
		};
		3362AA61266E62770078E3C4 /* Release */ = {
			isa = XCBuildConfiguration;
			buildSettings = {
				ASSETCATALOG_COMPILER_APPICON_NAME = AppIcon;
				ASSETCATALOG_COMPILER_GLOBAL_ACCENT_COLOR_NAME = AccentColor;
				CODE_SIGN_STYLE = Automatic;
				DEVELOPMENT_TEAM = A7SGM6JEMA;
				ENABLE_PREVIEWS = YES;
				INFOPLIST_FILE = iOS/Info.plist;
				IPHONEOS_DEPLOYMENT_TARGET = 14.0;
				LD_RUNPATH_SEARCH_PATHS = (
					"$(inherited)",
					"@executable_path/Frameworks",
				);
				PRODUCT_BUNDLE_IDENTIFIER = fr.tectec.Navigation;
				PRODUCT_NAME = Navigation;
				SDKROOT = iphoneos;
				SWIFT_VERSION = 5.0;
				TARGETED_DEVICE_FAMILY = "1,2";
				VALIDATE_PRODUCT = YES;
			};
			name = Release;
		};
		3362AA63266E62770078E3C4 /* Debug */ = {
			isa = XCBuildConfiguration;
			buildSettings = {
				ASSETCATALOG_COMPILER_APPICON_NAME = AppIcon;
				ASSETCATALOG_COMPILER_GLOBAL_ACCENT_COLOR_NAME = AccentColor;
				CODE_SIGN_ENTITLEMENTS = macOS/macOS.entitlements;
				CODE_SIGN_STYLE = Automatic;
				COMBINE_HIDPI_IMAGES = YES;
				DEVELOPMENT_TEAM = A7SGM6JEMA;
				ENABLE_HARDENED_RUNTIME = YES;
				ENABLE_PREVIEWS = YES;
				INFOPLIST_FILE = macOS/Info.plist;
				LD_RUNPATH_SEARCH_PATHS = (
					"$(inherited)",
					"@executable_path/../Frameworks",
				);
				MACOSX_DEPLOYMENT_TARGET = 11.0;
				PRODUCT_BUNDLE_IDENTIFIER = fr.tectec.Navigation;
				PRODUCT_NAME = Navigation;
				SDKROOT = macosx;
				SWIFT_VERSION = 5.0;
			};
			name = Debug;
		};
		3362AA64266E62770078E3C4 /* Release */ = {
			isa = XCBuildConfiguration;
			buildSettings = {
				ASSETCATALOG_COMPILER_APPICON_NAME = AppIcon;
				ASSETCATALOG_COMPILER_GLOBAL_ACCENT_COLOR_NAME = AccentColor;
				CODE_SIGN_ENTITLEMENTS = macOS/macOS.entitlements;
				CODE_SIGN_STYLE = Automatic;
				COMBINE_HIDPI_IMAGES = YES;
				DEVELOPMENT_TEAM = A7SGM6JEMA;
				ENABLE_HARDENED_RUNTIME = YES;
				ENABLE_PREVIEWS = YES;
				INFOPLIST_FILE = macOS/Info.plist;
				LD_RUNPATH_SEARCH_PATHS = (
					"$(inherited)",
					"@executable_path/../Frameworks",
				);
				MACOSX_DEPLOYMENT_TARGET = 11.0;
				PRODUCT_BUNDLE_IDENTIFIER = fr.tectec.Navigation;
				PRODUCT_NAME = Navigation;
				SDKROOT = macosx;
				SWIFT_VERSION = 5.0;
			};
			name = Release;
		};
/* End XCBuildConfiguration section */

/* Begin XCConfigurationList section */
		3362AA42266E62740078E3C4 /* Build configuration list for PBXProject "Navigation" */ = {
			isa = XCConfigurationList;
			buildConfigurations = (
				3362AA5D266E62770078E3C4 /* Debug */,
				3362AA5E266E62770078E3C4 /* Release */,
			);
			defaultConfigurationIsVisible = 0;
			defaultConfigurationName = Release;
		};
		3362AA5F266E62770078E3C4 /* Build configuration list for PBXNativeTarget "Navigation (iOS)" */ = {
			isa = XCConfigurationList;
			buildConfigurations = (
				3362AA60266E62770078E3C4 /* Debug */,
				3362AA61266E62770078E3C4 /* Release */,
			);
			defaultConfigurationIsVisible = 0;
			defaultConfigurationName = Release;
		};
		3362AA62266E62770078E3C4 /* Build configuration list for PBXNativeTarget "Navigation (macOS)" */ = {
			isa = XCConfigurationList;
			buildConfigurations = (
				3362AA63266E62770078E3C4 /* Debug */,
				3362AA64266E62770078E3C4 /* Release */,
			);
			defaultConfigurationIsVisible = 0;
			defaultConfigurationName = Release;
		};
/* End XCConfigurationList section */
	};
	rootObject = 3362AA3F266E62740078E3C4 /* Project object */;
}
